
Microsoft Visual Studio Solution File, Format Version 12.00
# Visual Studio 2013
VisualStudioVersion = 12.0.21005.1
MinimumVisualStudioVersion = 10.0.40219.1
Project("{FAE04EC0-301F-11D3-BF4B-00C04F79EFBC}") = "DEV-1", "Dev-1\DEV-1.csproj", "{5CD132AB-2C4D-44C4-A0AD-E6D11B4C8AD6}"
EndProject
Project("{FAE04EC0-301F-11D3-BF4B-00C04F79EFBC}") = "Dev-3", "Dev-3\Dev-3.csproj", "{F03920FF-C5AC-419C-A3CA-2EA91F50CBA1}"
EndProject
Project("{FAE04EC0-301F-11D3-BF4B-00C04F79EFBC}") = "DEV-4", "Dev-4\DEV-4.csproj", "{D2CC86A3-7EE0-4994-9D7E-8C57C635A500}"
EndProject
Project("{FAE04EC0-301F-11D3-BF4B-00C04F79EFBC}") = "Dev-9", "Dev-9\Dev-9.csproj", "{1FB080F5-FFB7-4459-AE11-03D00CE7455E}"
EndProject
Project("{FAE04EC0-301F-11D3-BF4B-00C04F79EFBC}") = "Dev-10", "Dev-10\Dev-10.csproj", "{2272ADA4-020B-4BA8-A4FC-3337C79E329B}"
EndProject
Project("{FAE04EC0-301F-11D3-BF4B-00C04F79EFBC}") = "Dev-11", "Dev-11\Dev-11.csproj", "{1A143943-0742-4C9D-8BBF-52E9C252D7F9}"
EndProject
Project("{FAE04EC0-301F-11D3-BF4B-00C04F79EFBC}") = "Dev-7", "Dev-7\Dev-7.csproj", "{AA3C268B-3F21-48B8-B03E-3AC106292962}"
EndProject
Project("{FAE04EC0-301F-11D3-BF4B-00C04F79EFBC}") = "TestWordPressBlog", "TestWordPressBlog\TestWordPressBlog.csproj", "{384A5DD6-1F43-4ECC-AC6F-6B163FBA731D}"

Project("{FAE04EC0-301F-11D3-BF4B-00C04F79EFBC}") = "Dev-13", "Dev-13\Dev-13.csproj", "{C0B18D89-E651-4E19-BB9C-552DAE2BCB52}"
EndProject
Project("{FAE04EC0-301F-11D3-BF4B-00C04F79EFBC}") = "TestDev-13", "TestDev-13\TestDev-13.csproj", "{DD713EEF-5E4A-45CD-B049-59BDFD3FAE74}
Project("{FAE04EC0-301F-11D3-BF4B-00C04F79EFBC}") = "Dev-12", "Dev-12\Dev-12.csproj", "{B90CBF01-99A2-4F90-A94A-C1BE0E582624}"
EndProject
Global
	GlobalSection(SolutionConfigurationPlatforms) = preSolution
		Debug|Any CPU = Debug|Any CPU
		Release|Any CPU = Release|Any CPU
	EndGlobalSection
	GlobalSection(ProjectConfigurationPlatforms) = postSolution
		{5CD132AB-2C4D-44C4-A0AD-E6D11B4C8AD6}.Debug|Any CPU.ActiveCfg = Debug|Any CPU
		{5CD132AB-2C4D-44C4-A0AD-E6D11B4C8AD6}.Debug|Any CPU.Build.0 = Debug|Any CPU
		{5CD132AB-2C4D-44C4-A0AD-E6D11B4C8AD6}.Release|Any CPU.ActiveCfg = Release|Any CPU
		{5CD132AB-2C4D-44C4-A0AD-E6D11B4C8AD6}.Release|Any CPU.Build.0 = Release|Any CPU
		{F03920FF-C5AC-419C-A3CA-2EA91F50CBA1}.Debug|Any CPU.ActiveCfg = Debug|Any CPU
		{F03920FF-C5AC-419C-A3CA-2EA91F50CBA1}.Debug|Any CPU.Build.0 = Debug|Any CPU
		{F03920FF-C5AC-419C-A3CA-2EA91F50CBA1}.Release|Any CPU.ActiveCfg = Release|Any CPU
		{F03920FF-C5AC-419C-A3CA-2EA91F50CBA1}.Release|Any CPU.Build.0 = Release|Any CPU
		{D2CC86A3-7EE0-4994-9D7E-8C57C635A500}.Debug|Any CPU.ActiveCfg = Debug|Any CPU
		{D2CC86A3-7EE0-4994-9D7E-8C57C635A500}.Debug|Any CPU.Build.0 = Debug|Any CPU
		{D2CC86A3-7EE0-4994-9D7E-8C57C635A500}.Release|Any CPU.ActiveCfg = Release|Any CPU
		{D2CC86A3-7EE0-4994-9D7E-8C57C635A500}.Release|Any CPU.Build.0 = Release|Any CPU
		{1FB080F5-FFB7-4459-AE11-03D00CE7455E}.Debug|Any CPU.ActiveCfg = Debug|Any CPU
		{1FB080F5-FFB7-4459-AE11-03D00CE7455E}.Debug|Any CPU.Build.0 = Debug|Any CPU
		{1FB080F5-FFB7-4459-AE11-03D00CE7455E}.Release|Any CPU.ActiveCfg = Release|Any CPU
		{1FB080F5-FFB7-4459-AE11-03D00CE7455E}.Release|Any CPU.Build.0 = Release|Any CPU
		{2272ADA4-020B-4BA8-A4FC-3337C79E329B}.Debug|Any CPU.ActiveCfg = Debug|Any CPU
		{2272ADA4-020B-4BA8-A4FC-3337C79E329B}.Debug|Any CPU.Build.0 = Debug|Any CPU
		{2272ADA4-020B-4BA8-A4FC-3337C79E329B}.Release|Any CPU.ActiveCfg = Release|Any CPU
		{2272ADA4-020B-4BA8-A4FC-3337C79E329B}.Release|Any CPU.Build.0 = Release|Any CPU
		{1A143943-0742-4C9D-8BBF-52E9C252D7F9}.Debug|Any CPU.ActiveCfg = Debug|Any CPU
		{1A143943-0742-4C9D-8BBF-52E9C252D7F9}.Debug|Any CPU.Build.0 = Debug|Any CPU
		{1A143943-0742-4C9D-8BBF-52E9C252D7F9}.Release|Any CPU.ActiveCfg = Release|Any CPU
		{1A143943-0742-4C9D-8BBF-52E9C252D7F9}.Release|Any CPU.Build.0 = Release|Any CPU
		{AA3C268B-3F21-48B8-B03E-3AC106292962}.Debug|Any CPU.ActiveCfg = Debug|Any CPU
		{AA3C268B-3F21-48B8-B03E-3AC106292962}.Debug|Any CPU.Build.0 = Debug|Any CPU
		{AA3C268B-3F21-48B8-B03E-3AC106292962}.Release|Any CPU.ActiveCfg = Release|Any CPU
		{AA3C268B-3F21-48B8-B03E-3AC106292962}.Release|Any CPU.Build.0 = Release|Any CPU
		{384A5DD6-1F43-4ECC-AC6F-6B163FBA731D}.Debug|Any CPU.ActiveCfg = Debug|Any CPU
		{384A5DD6-1F43-4ECC-AC6F-6B163FBA731D}.Debug|Any CPU.Build.0 = Debug|Any CPU
		{384A5DD6-1F43-4ECC-AC6F-6B163FBA731D}.Release|Any CPU.ActiveCfg = Release|Any CPU
		{384A5DD6-1F43-4ECC-AC6F-6B163FBA731D}.Release|Any CPU.Build.0 = Release|Any CPU

		{C0B18D89-E651-4E19-BB9C-552DAE2BCB52}.Debug|Any CPU.ActiveCfg = Debug|Any CPU
		{C0B18D89-E651-4E19-BB9C-552DAE2BCB52}.Debug|Any CPU.Build.0 = Debug|Any CPU
		{C0B18D89-E651-4E19-BB9C-552DAE2BCB52}.Release|Any CPU.ActiveCfg = Release|Any CPU
		{C0B18D89-E651-4E19-BB9C-552DAE2BCB52}.Release|Any CPU.Build.0 = Release|Any CPU
		{DD713EEF-5E4A-45CD-B049-59BDFD3FAE74}.Debug|Any CPU.ActiveCfg = Debug|Any CPU
		{DD713EEF-5E4A-45CD-B049-59BDFD3FAE74}.Debug|Any CPU.Build.0 = Debug|Any CPU
		{DD713EEF-5E4A-45CD-B049-59BDFD3FAE74}.Release|Any CPU.ActiveCfg = Release|Any CPU
		{DD713EEF-5E4A-45CD-B049-59BDFD3FAE74}.Release|Any CPU.Build.0 = Release|Any CPU
		{B90CBF01-99A2-4F90-A94A-C1BE0E582624}.Debug|Any CPU.ActiveCfg = Debug|Any CPU
		{B90CBF01-99A2-4F90-A94A-C1BE0E582624}.Debug|Any CPU.Build.0 = Debug|Any CPU
		{B90CBF01-99A2-4F90-A94A-C1BE0E582624}.Release|Any CPU.ActiveCfg = Release|Any CPU
		{B90CBF01-99A2-4F90-A94A-C1BE0E582624}.Release|Any CPU.Build.0 = Release|Any CPU
	EndGlobalSection
	GlobalSection(SolutionProperties) = preSolution
		HideSolutionNode = FALSE
	EndGlobalSection
EndGlobal
